// !$*UTF8*$!
{
	archiveVersion = 1;
	classes = {
	};
	objectVersion = 77;
	objects = {

/* Begin PBXContainerItemProxy section */
		54AC3EE42E5A3E9D00390023 /* PBXContainerItemProxy */ = {
			isa = PBXContainerItemProxy;
			containerPortal = 54AC3ECE2E5A3E9A00390023 /* Project object */;
			proxyType = 1;
			remoteGlobalIDString = 54AC3ED52E5A3E9A00390023;
			remoteInfo = "Course 103";
		};
		54AC3EEE2E5A3E9D00390023 /* PBXContainerItemProxy */ = {
			isa = PBXContainerItemProxy;
			containerPortal = 54AC3ECE2E5A3E9A00390023 /* Project object */;
			proxyType = 1;
			remoteGlobalIDString = 54AC3ED52E5A3E9A00390023;
			remoteInfo = "Course 103";
		};
/* End PBXContainerItemProxy section */

/* Begin PBXFileReference section */
		54AC3ED62E5A3E9A00390023 /* Course 103.app */ = {isa = PBXFileReference; explicitFileType = wrapper.application; includeInIndex = 0; path = "Course 103.app"; sourceTree = BUILT_PRODUCTS_DIR; };
		54AC3EE32E5A3E9D00390023 /* Course 103Tests.xctest */ = {isa = PBXFileReference; explicitFileType = wrapper.cfbundle; includeInIndex = 0; path = "Course 103Tests.xctest"; sourceTree = BUILT_PRODUCTS_DIR; };
		54AC3EED2E5A3E9D00390023 /* Course 103UITests.xctest */ = {isa = PBXFileReference; explicitFileType = wrapper.cfbundle; includeInIndex = 0; path = "Course 103UITests.xctest"; sourceTree = BUILT_PRODUCTS_DIR; };
/* End PBXFileReference section */

/* Begin PBXFileSystemSynchronizedRootGroup section */
		54AC3ED82E5A3E9A00390023 /* Course 103 */ = {
			isa = PBXFileSystemSynchronizedRootGroup;
			path = "Course 103";
			sourceTree = "<group>";
		};
		54AC3EE62E5A3E9D00390023 /* Course 103Tests */ = {
			isa = PBXFileSystemSynchronizedRootGroup;
			path = "Course 103Tests";
			sourceTree = "<group>";
		};
		54AC3EF02E5A3E9D00390023 /* Course 103UITests */ = {
			isa = PBXFileSystemSynchronizedRootGroup;
			path = "Course 103UITests";
			sourceTree = "<group>";
		};
/* End PBXFileSystemSynchronizedRootGroup section */

/* Begin PBXFrameworksBuildPhase section */
		54AC3ED32E5A3E9A00390023 /* Frameworks */ = {
			isa = PBXFrameworksBuildPhase;
			buildActionMask = 2147483647;
			files = (
			);
			runOnlyForDeploymentPostprocessing = 0;
		};
		54AC3EE02E5A3E9D00390023 /* Frameworks */ = {
			isa = PBXFrameworksBuildPhase;
			buildActionMask = 2147483647;
			files = (
			);
			runOnlyForDeploymentPostprocessing = 0;
		};
		54AC3EEA2E5A3E9D00390023 /* Frameworks */ = {
			isa = PBXFrameworksBuildPhase;
			buildActionMask = 2147483647;
			files = (
			);
			runOnlyForDeploymentPostprocessing = 0;
		};
/* End PBXFrameworksBuildPhase section */

/* Begin PBXGroup section */
		54AC3ECD2E5A3E9A00390023 = {
			isa = PBXGroup;
			children = (
				54AC3ED82E5A3E9A00390023 /* Course 103 */,
				54AC3EE62E5A3E9D00390023 /* Course 103Tests */,
				54AC3EF02E5A3E9D00390023 /* Course 103UITests */,
				54AC3ED72E5A3E9A00390023 /* Products */,
			);
			sourceTree = "<group>";
		};
		54AC3ED72E5A3E9A00390023 /* Products */ = {
			isa = PBXGroup;
			children = (
				54AC3ED62E5A3E9A00390023 /* Course 103.app */,
				54AC3EE32E5A3E9D00390023 /* Course 103Tests.xctest */,
				54AC3EED2E5A3E9D00390023 /* Course 103UITests.xctest */,
			);
			name = Products;
			sourceTree = "<group>";
		};
/* End PBXGroup section */

/* Begin PBXNativeTarget section */
		54AC3ED52E5A3E9A00390023 /* Course 103 */ = {
			isa = PBXNativeTarget;
			buildConfigurationList = 54AC3EF72E5A3E9D00390023 /* Build configuration list for PBXNativeTarget "Course 103" */;
			buildPhases = (
				54AC3ED22E5A3E9A00390023 /* Sources */,
				54AC3ED32E5A3E9A00390023 /* Frameworks */,
				54AC3ED42E5A3E9A00390023 /* Resources */,
			);
			buildRules = (
			);
			dependencies = (
			);
			fileSystemSynchronizedGroups = (
				54AC3ED82E5A3E9A00390023 /* Course 103 */,
			);
			name = "Course 103";
			packageProductDependencies = (
			);
			productName = "Course 103";
			productReference = 54AC3ED62E5A3E9A00390023 /* Course 103.app */;
			productType = "com.apple.product-type.application";
		};
		54AC3EE22E5A3E9D00390023 /* Course 103Tests */ = {
			isa = PBXNativeTarget;
			buildConfigurationList = 54AC3EFA2E5A3E9D00390023 /* Build configuration list for PBXNativeTarget "Course 103Tests" */;
			buildPhases = (
				54AC3EDF2E5A3E9D00390023 /* Sources */,
				54AC3EE02E5A3E9D00390023 /* Frameworks */,
				54AC3EE12E5A3E9D00390023 /* Resources */,
			);
			buildRules = (
			);
			dependencies = (
				54AC3EE52E5A3E9D00390023 /* PBXTargetDependency */,
			);
			fileSystemSynchronizedGroups = (
				54AC3EE62E5A3E9D00390023 /* Course 103Tests */,
			);
			name = "Course 103Tests";
			packageProductDependencies = (
			);
			productName = "Course 103Tests";
			productReference = 54AC3EE32E5A3E9D00390023 /* Course 103Tests.xctest */;
			productType = "com.apple.product-type.bundle.unit-test";
		};
		54AC3EEC2E5A3E9D00390023 /* Course 103UITests */ = {
			isa = PBXNativeTarget;
			buildConfigurationList = 54AC3EFD2E5A3E9D00390023 /* Build configuration list for PBXNativeTarget "Course 103UITests" */;
			buildPhases = (
				54AC3EE92E5A3E9D00390023 /* Sources */,
				54AC3EEA2E5A3E9D00390023 /* Frameworks */,
				54AC3EEB2E5A3E9D00390023 /* Resources */,
			);
			buildRules = (
			);
			dependencies = (
				54AC3EEF2E5A3E9D00390023 /* PBXTargetDependency */,
			);
			fileSystemSynchronizedGroups = (
				54AC3EF02E5A3E9D00390023 /* Course 103UITests */,
			);
			name = "Course 103UITests";
			packageProductDependencies = (
			);
			productName = "Course 103UITests";
			productReference = 54AC3EED2E5A3E9D00390023 /* Course 103UITests.xctest */;
			productType = "com.apple.product-type.bundle.ui-testing";
		};
/* End PBXNativeTarget section */

/* Begin PBXProject section */
		54AC3ECE2E5A3E9A00390023 /* Project object */ = {
			isa = PBXProject;
			attributes = {
				BuildIndependentTargetsInParallel = 1;
				LastSwiftUpdateCheck = 1640;
				LastUpgradeCheck = 1640;
				TargetAttributes = {
					54AC3ED52E5A3E9A00390023 = {
						CreatedOnToolsVersion = 16.4;
					};
					54AC3EE22E5A3E9D00390023 = {
						CreatedOnToolsVersion = 16.4;
						TestTargetID = 54AC3ED52E5A3E9A00390023;
					};
					54AC3EEC2E5A3E9D00390023 = {
						CreatedOnToolsVersion = 16.4;
						TestTargetID = 54AC3ED52E5A3E9A00390023;
					};
				};
			};
			buildConfigurationList = 54AC3ED12E5A3E9A00390023 /* Build configuration list for PBXProject "Course 103" */;
			developmentRegion = en;
			hasScannedForEncodings = 0;
			knownRegions = (
				en,
				Base,
			);
			mainGroup = 54AC3ECD2E5A3E9A00390023;
			minimizedProjectReferenceProxies = 1;
			preferredProjectObjectVersion = 77;
			productRefGroup = 54AC3ED72E5A3E9A00390023 /* Products */;
			projectDirPath = "";
			projectRoot = "";
			targets = (
				54AC3ED52E5A3E9A00390023 /* Course 103 */,
				54AC3EE22E5A3E9D00390023 /* Course 103Tests */,
				54AC3EEC2E5A3E9D00390023 /* Course 103UITests */,
			);
		};
/* End PBXProject section */

/* Begin PBXResourcesBuildPhase section */
		54AC3ED42E5A3E9A00390023 /* Resources */ = {
			isa = PBXResourcesBuildPhase;
			buildActionMask = 2147483647;
			files = (
			);
			runOnlyForDeploymentPostprocessing = 0;
		};
		54AC3EE12E5A3E9D00390023 /* Resources */ = {
			isa = PBXResourcesBuildPhase;
			buildActionMask = 2147483647;
			files = (
			);
			runOnlyForDeploymentPostprocessing = 0;
		};
		54AC3EEB2E5A3E9D00390023 /* Resources */ = {
			isa = PBXResourcesBuildPhase;
			buildActionMask = 2147483647;
			files = (
			);
			runOnlyForDeploymentPostprocessing = 0;
		};
/* End PBXResourcesBuildPhase section */

/* Begin PBXSourcesBuildPhase section */
		54AC3ED22E5A3E9A00390023 /* Sources */ = {
			isa = PBXSourcesBuildPhase;
			buildActionMask = 2147483647;
			files = (
			);
			runOnlyForDeploymentPostprocessing = 0;
		};
		54AC3EDF2E5A3E9D00390023 /* Sources */ = {
			isa = PBXSourcesBuildPhase;
			buildActionMask = 2147483647;
			files = (
			);
			runOnlyForDeploymentPostprocessing = 0;
		};
		54AC3EE92E5A3E9D00390023 /* Sources */ = {
			isa = PBXSourcesBuildPhase;
			buildActionMask = 2147483647;
			files = (
			);
			runOnlyForDeploymentPostprocessing = 0;
		};
/* End PBXSourcesBuildPhase section */

/* Begin PBXTargetDependency section */
		54AC3EE52E5A3E9D00390023 /* PBXTargetDependency */ = {
			isa = PBXTargetDependency;
			target = 54AC3ED52E5A3E9A00390023 /* Course 103 */;
			targetProxy = 54AC3EE42E5A3E9D00390023 /* PBXContainerItemProxy */;
		};
		54AC3EEF2E5A3E9D00390023 /* PBXTargetDependency */ = {
			isa = PBXTargetDependency;
			target = 54AC3ED52E5A3E9A00390023 /* Course 103 */;
			targetProxy = 54AC3EEE2E5A3E9D00390023 /* PBXContainerItemProxy */;
		};
/* End PBXTargetDependency section */

/* Begin XCBuildConfiguration section */
		54AC3EF52E5A3E9D00390023 /* Debug */ = {
			isa = XCBuildConfiguration;
			buildSettings = {
				ALWAYS_SEARCH_USER_PATHS = NO;
				ASSETCATALOG_COMPILER_GENERATE_SWIFT_ASSET_SYMBOL_EXTENSIONS = YES;
				CLANG_ANALYZER_NONNULL = YES;
				CLANG_ANALYZER_NUMBER_OBJECT_CONVERSION = YES_AGGRESSIVE;
				CLANG_CXX_LANGUAGE_STANDARD = "gnu++20";
				CLANG_ENABLE_MODULES = YES;
				CLANG_ENABLE_OBJC_ARC = YES;
				CLANG_ENABLE_OBJC_WEAK = YES;
				CLANG_WARN_BLOCK_CAPTURE_AUTORELEASING = YES;
				CLANG_WARN_BOOL_CONVERSION = YES;
				CLANG_WARN_COMMA = YES;
				CLANG_WARN_CONSTANT_CONVERSION = YES;
				CLANG_WARN_DEPRECATED_OBJC_IMPLEMENTATIONS = YES;
				CLANG_WARN_DIRECT_OBJC_ISA_USAGE = YES_ERROR;
				CLANG_WARN_DOCUMENTATION_COMMENTS = YES;
				CLANG_WARN_EMPTY_BODY = YES;
				CLANG_WARN_ENUM_CONVERSION = YES;
				CLANG_WARN_INFINITE_RECURSION = YES;
				CLANG_WARN_INT_CONVERSION = YES;
				CLANG_WARN_NON_LITERAL_NULL_CONVERSION = YES;
				CLANG_WARN_OBJC_IMPLICIT_RETAIN_SELF = YES;
				CLANG_WARN_OBJC_LITERAL_CONVERSION = YES;
				CLANG_WARN_OBJC_ROOT_CLASS = YES_ERROR;
				CLANG_WARN_QUOTED_INCLUDE_IN_FRAMEWORK_HEADER = YES;
				CLANG_WARN_RANGE_LOOP_ANALYSIS = YES;
				CLANG_WARN_STRICT_PROTOTYPES = YES;
				CLANG_WARN_SUSPICIOUS_MOVE = YES;
				CLANG_WARN_UNGUARDED_AVAILABILITY = YES_AGGRESSIVE;
				CLANG_WARN_UNREACHABLE_CODE = YES;
				CLANG_WARN__DUPLICATE_METHOD_MATCH = YES;
				COPY_PHASE_STRIP = NO;
				DEBUG_INFORMATION_FORMAT = dwarf;
				ENABLE_STRICT_OBJC_MSGSEND = YES;
				ENABLE_TESTABILITY = YES;
				ENABLE_USER_SCRIPT_SANDBOXING = YES;
				GCC_C_LANGUAGE_STANDARD = gnu17;
				GCC_DYNAMIC_NO_PIC = NO;
				GCC_NO_COMMON_BLOCKS = YES;
				GCC_OPTIMIZATION_LEVEL = 0;
				GCC_PREPROCESSOR_DEFINITIONS = (
					"DEBUG=1",
					"$(inherited)",
				);
				GCC_WARN_64_TO_32_BIT_CONVERSION = YES;
				GCC_WARN_ABOUT_RETURN_TYPE = YES_ERROR;
				GCC_WARN_UNDECLARED_SELECTOR = YES;
				GCC_WARN_UNINITIALIZED_AUTOS = YES_AGGRESSIVE;
				GCC_WARN_UNUSED_FUNCTION = YES;
				GCC_WARN_UNUSED_VARIABLE = YES;
				IPHONEOS_DEPLOYMENT_TARGET = 18.5;
				LOCALIZATION_PREFERS_STRING_CATALOGS = YES;
				MTL_ENABLE_DEBUG_INFO = INCLUDE_SOURCE;
				MTL_FAST_MATH = YES;
				ONLY_ACTIVE_ARCH = YES;
				SDKROOT = iphoneos;
				SWIFT_ACTIVE_COMPILATION_CONDITIONS = "DEBUG $(inherited)";
				SWIFT_OPTIMIZATION_LEVEL = "-Onone";
			};
			name = Debug;
		};
		54AC3EF62E5A3E9D00390023 /* Release */ = {
			isa = XCBuildConfiguration;
			buildSettings = {
				ALWAYS_SEARCH_USER_PATHS = NO;
				ASSETCATALOG_COMPILER_GENERATE_SWIFT_ASSET_SYMBOL_EXTENSIONS = YES;
				CLANG_ANALYZER_NONNULL = YES;
				CLANG_ANALYZER_NUMBER_OBJECT_CONVERSION = YES_AGGRESSIVE;
				CLANG_CXX_LANGUAGE_STANDARD = "gnu++20";
				CLANG_ENABLE_MODULES = YES;
				CLANG_ENABLE_OBJC_ARC = YES;
				CLANG_ENABLE_OBJC_WEAK = YES;
				CLANG_WARN_BLOCK_CAPTURE_AUTORELEASING = YES;
				CLANG_WARN_BOOL_CONVERSION = YES;
				CLANG_WARN_COMMA = YES;
				CLANG_WARN_CONSTANT_CONVERSION = YES;
				CLANG_WARN_DEPRECATED_OBJC_IMPLEMENTATIONS = YES;
				CLANG_WARN_DIRECT_OBJC_ISA_USAGE = YES_ERROR;
				CLANG_WARN_DOCUMENTATION_COMMENTS = YES;
				CLANG_WARN_EMPTY_BODY = YES;
				CLANG_WARN_ENUM_CONVERSION = YES;
				CLANG_WARN_INFINITE_RECURSION = YES;
				CLANG_WARN_INT_CONVERSION = YES;
				CLANG_WARN_NON_LITERAL_NULL_CONVERSION = YES;
				CLANG_WARN_OBJC_IMPLICIT_RETAIN_SELF = YES;
				CLANG_WARN_OBJC_LITERAL_CONVERSION = YES;
				CLANG_WARN_OBJC_ROOT_CLASS = YES_ERROR;
				CLANG_WARN_QUOTED_INCLUDE_IN_FRAMEWORK_HEADER = YES;
				CLANG_WARN_RANGE_LOOP_ANALYSIS = YES;
				CLANG_WARN_STRICT_PROTOTYPES = YES;
				CLANG_WARN_SUSPICIOUS_MOVE = YES;
				CLANG_WARN_UNGUARDED_AVAILABILITY = YES_AGGRESSIVE;
				CLANG_WARN_UNREACHABLE_CODE = YES;
				CLANG_WARN__DUPLICATE_METHOD_MATCH = YES;
				COPY_PHASE_STRIP = NO;
				DEBUG_INFORMATION_FORMAT = "dwarf-with-dsym";
				ENABLE_NS_ASSERTIONS = NO;
				ENABLE_STRICT_OBJC_MSGSEND = YES;
				ENABLE_USER_SCRIPT_SANDBOXING = YES;
				GCC_C_LANGUAGE_STANDARD = gnu17;
				GCC_NO_COMMON_BLOCKS = YES;
				GCC_WARN_64_TO_32_BIT_CONVERSION = YES;
				GCC_WARN_ABOUT_RETURN_TYPE = YES_ERROR;
				GCC_WARN_UNDECLARED_SELECTOR = YES;
				GCC_WARN_UNINITIALIZED_AUTOS = YES_AGGRESSIVE;
				GCC_WARN_UNUSED_FUNCTION = YES;
				GCC_WARN_UNUSED_VARIABLE = YES;
				IPHONEOS_DEPLOYMENT_TARGET = 18.5;
				LOCALIZATION_PREFERS_STRING_CATALOGS = YES;
				MTL_ENABLE_DEBUG_INFO = NO;
				MTL_FAST_MATH = YES;
				SDKROOT = iphoneos;
				SWIFT_COMPILATION_MODE = wholemodule;
				VALIDATE_PRODUCT = YES;
			};
			name = Release;
		};
		54AC3EF82E5A3E9D00390023 /* Debug */ = {
			isa = XCBuildConfiguration;
			buildSettings = {
				ASSETCATALOG_COMPILER_APPICON_NAME = AppIcon;
				ASSETCATALOG_COMPILER_GLOBAL_ACCENT_COLOR_NAME = AccentColor;
				CODE_SIGN_STYLE = Automatic;
				CURRENT_PROJECT_VERSION = 1;
				ENABLE_PREVIEWS = YES;
				GENERATE_INFOPLIST_FILE = YES;
				INFOPLIST_KEY_UIApplicationSceneManifest_Generation = YES;
				INFOPLIST_KEY_UIApplicationSupportsIndirectInputEvents = YES;
				INFOPLIST_KEY_UILaunchScreen_Generation = YES;
				INFOPLIST_KEY_UISupportedInterfaceOrientations_iPad = "UIInterfaceOrientationPortrait UIInterfaceOrientationPortraitUpsideDown UIInterfaceOrientationLandscapeLeft UIInterfaceOrientationLandscapeRight";
				INFOPLIST_KEY_UISupportedInterfaceOrientations_iPhone = "UIInterfaceOrientationPortrait UIInterfaceOrientationLandscapeLeft UIInterfaceOrientationLandscapeRight";
				LD_RUNPATH_SEARCH_PATHS = (
					"$(inherited)",
					"@executable_path/Frameworks",
				);
				MARKETING_VERSION = 1.0;
				PRODUCT_BUNDLE_IDENTIFIER = "com.example.app.Course-103";
				PRODUCT_NAME = "$(TARGET_NAME)";
				SWIFT_EMIT_LOC_STRINGS = YES;
				SWIFT_VERSION = 5.0;
				TARGETED_DEVICE_FAMILY = "1,2";
			};
			name = Debug;
		};
		54AC3EF92E5A3E9D00390023 /* Release */ = {
			isa = XCBuildConfiguration;
			buildSettings = {
				ASSETCATALOG_COMPILER_APPICON_NAME = AppIcon;
				ASSETCATALOG_COMPILER_GLOBAL_ACCENT_COLOR_NAME = AccentColor;
				CODE_SIGN_STYLE = Automatic;
				CURRENT_PROJECT_VERSION = 1;
				ENABLE_PREVIEWS = YES;
				GENERATE_INFOPLIST_FILE = YES;
				INFOPLIST_KEY_UIApplicationSceneManifest_Generation = YES;
				INFOPLIST_KEY_UIApplicationSupportsIndirectInputEvents = YES;
				INFOPLIST_KEY_UILaunchScreen_Generation = YES;
				INFOPLIST_KEY_UISupportedInterfaceOrientations_iPad = "UIInterfaceOrientationPortrait UIInterfaceOrientationPortraitUpsideDown UIInterfaceOrientationLandscapeLeft UIInterfaceOrientationLandscapeRight";
				INFOPLIST_KEY_UISupportedInterfaceOrientations_iPhone = "UIInterfaceOrientationPortrait UIInterfaceOrientationLandscapeLeft UIInterfaceOrientationLandscapeRight";
				LD_RUNPATH_SEARCH_PATHS = (
					"$(inherited)",
					"@executable_path/Frameworks",
				);
				MARKETING_VERSION = 1.0;
				PRODUCT_BUNDLE_IDENTIFIER = "com.example.app.Course-103";
				PRODUCT_NAME = "$(TARGET_NAME)";
				SWIFT_EMIT_LOC_STRINGS = YES;
				SWIFT_VERSION = 5.0;
				TARGETED_DEVICE_FAMILY = "1,2";
			};
			name = Release;
		};
		54AC3EFB2E5A3E9D00390023 /* Debug */ = {
			isa = XCBuildConfiguration;
			buildSettings = {
				BUNDLE_LOADER = "$(TEST_HOST)";
				CODE_SIGN_STYLE = Automatic;
				CURRENT_PROJECT_VERSION = 1;
				GENERATE_INFOPLIST_FILE = YES;
				IPHONEOS_DEPLOYMENT_TARGET = 18.5;
				MARKETING_VERSION = 1.0;
				PRODUCT_BUNDLE_IDENTIFIER = "com.example.app.Course-103Tests";
				PRODUCT_NAME = "$(TARGET_NAME)";
				SWIFT_EMIT_LOC_STRINGS = NO;
				SWIFT_VERSION = 5.0;
				TARGETED_DEVICE_FAMILY = "1,2";
				TEST_HOST = "$(BUILT_PRODUCTS_DIR)/Course 103.app/$(BUNDLE_EXECUTABLE_FOLDER_PATH)/Course 103";
			};
			name = Debug;
		};
		54AC3EFC2E5A3E9D00390023 /* Release */ = {
			isa = XCBuildConfiguration;
			buildSettings = {
				BUNDLE_LOADER = "$(TEST_HOST)";
				CODE_SIGN_STYLE = Automatic;
				CURRENT_PROJECT_VERSION = 1;
				GENERATE_INFOPLIST_FILE = YES;
				IPHONEOS_DEPLOYMENT_TARGET = 18.5;
				MARKETING_VERSION = 1.0;
				PRODUCT_BUNDLE_IDENTIFIER = "com.example.app.Course-103Tests";
				PRODUCT_NAME = "$(TARGET_NAME)";
				SWIFT_EMIT_LOC_STRINGS = NO;
				SWIFT_VERSION = 5.0;
				TARGETED_DEVICE_FAMILY = "1,2";
				TEST_HOST = "$(BUILT_PRODUCTS_DIR)/Course 103.app/$(BUNDLE_EXECUTABLE_FOLDER_PATH)/Course 103";
			};
			name = Release;
		};
		54AC3EFE2E5A3E9D00390023 /* Debug */ = {
			isa = XCBuildConfiguration;
			buildSettings = {
				CODE_SIGN_STYLE = Automatic;
				CURRENT_PROJECT_VERSION = 1;
				GENERATE_INFOPLIST_FILE = YES;
				MARKETING_VERSION = 1.0;
				PRODUCT_BUNDLE_IDENTIFIER = "com.example.app.Course-103UITests";
				PRODUCT_NAME = "$(TARGET_NAME)";
				SWIFT_EMIT_LOC_STRINGS = NO;
				SWIFT_VERSION = 5.0;
				TARGETED_DEVICE_FAMILY = "1,2";
				TEST_TARGET_NAME = "Course 103";
			};
			name = Debug;
		};
		54AC3EFF2E5A3E9D00390023 /* Release */ = {
			isa = XCBuildConfiguration;
			buildSettings = {
				CODE_SIGN_STYLE = Automatic;
				CURRENT_PROJECT_VERSION = 1;
				GENERATE_INFOPLIST_FILE = YES;
				MARKETING_VERSION = 1.0;
				PRODUCT_BUNDLE_IDENTIFIER = "com.example.app.Course-103UITests";
				PRODUCT_NAME = "$(TARGET_NAME)";
				SWIFT_EMIT_LOC_STRINGS = NO;
				SWIFT_VERSION = 5.0;
				TARGETED_DEVICE_FAMILY = "1,2";
				TEST_TARGET_NAME = "Course 103";
			};
			name = Release;
		};
/* End XCBuildConfiguration section */

/* Begin XCConfigurationList section */
		54AC3ED12E5A3E9A00390023 /* Build configuration list for PBXProject "Course 103" */ = {
			isa = XCConfigurationList;
			buildConfigurations = (
				54AC3EF52E5A3E9D00390023 /* Debug */,
				54AC3EF62E5A3E9D00390023 /* Release */,
			);
			defaultConfigurationIsVisible = 0;
			defaultConfigurationName = Release;
		};
		54AC3EF72E5A3E9D00390023 /* Build configuration list for PBXNativeTarget "Course 103" */ = {
			isa = XCConfigurationList;
			buildConfigurations = (
				54AC3EF82E5A3E9D00390023 /* Debug */,
				54AC3EF92E5A3E9D00390023 /* Release */,
			);
			defaultConfigurationIsVisible = 0;
			defaultConfigurationName = Release;
		};
		54AC3EFA2E5A3E9D00390023 /* Build configuration list for PBXNativeTarget "Course 103Tests" */ = {
			isa = XCConfigurationList;
			buildConfigurations = (
				54AC3EFB2E5A3E9D00390023 /* Debug */,
				54AC3EFC2E5A3E9D00390023 /* Release */,
			);
			defaultConfigurationIsVisible = 0;
			defaultConfigurationName = Release;
		};
		54AC3EFD2E5A3E9D00390023 /* Build configuration list for PBXNativeTarget "Course 103UITests" */ = {
			isa = XCConfigurationList;
			buildConfigurations = (
				54AC3EFE2E5A3E9D00390023 /* Debug */,
				54AC3EFF2E5A3E9D00390023 /* Release */,
			);
			defaultConfigurationIsVisible = 0;
			defaultConfigurationName = Release;
		};
/* End XCConfigurationList section */
	};
	rootObject = 54AC3ECE2E5A3E9A00390023 /* Project object */;
}
